// !$*UTF8*$!
{
	archiveVersion = 1;
	classes = {
	};
	objectVersion = 50;
	objects = {

/* Begin PBXBuildFile section */
		D03F5E532102566700ED8884 /* Crypto.framework in Frameworks */ = {isa = PBXBuildFile; fileRef = D03F5E492102566700ED8884 /* Crypto.framework */; };
		D03F5E582102566700ED8884 /* CryptoTests.swift in Sources */ = {isa = PBXBuildFile; fileRef = D03F5E572102566700ED8884 /* CryptoTests.swift */; };
		D03F5E5A2102566700ED8884 /* Crypto.h in Headers */ = {isa = PBXBuildFile; fileRef = D03F5E4C2102566700ED8884 /* Crypto.h */; settings = {ATTRIBUTES = (Public, ); }; };
		D0B1A5EF214C5EE1001FA4DE /* ProtocolNetwork.swift in Sources */ = {isa = PBXBuildFile; fileRef = D0B1A5EE214C5EE1001FA4DE /* ProtocolNetwork.swift */; };
		D0B1A5F1214C5F9C001FA4DE /* Mainnet.swift in Sources */ = {isa = PBXBuildFile; fileRef = D0B1A5F0214C5F9C001FA4DE /* Mainnet.swift */; };
		D0B1A5F3214C5FA4001FA4DE /* Devnet.swift in Sources */ = {isa = PBXBuildFile; fileRef = D0B1A5F2214C5FA4001FA4DE /* Devnet.swift */; };
		D0B1A5F5214C5FAD001FA4DE /* Testnet.swift in Sources */ = {isa = PBXBuildFile; fileRef = D0B1A5F4214C5FAD001FA4DE /* Testnet.swift */; };
		D0B1A5F8214C657D001FA4DE /* Enums.swift in Sources */ = {isa = PBXBuildFile; fileRef = D0B1A5F7214C657D001FA4DE /* Enums.swift */; };
		D0B1A5FB214C6827001FA4DE /* NetworkConfiguration.swift in Sources */ = {isa = PBXBuildFile; fileRef = D0B1A5FA214C6827001FA4DE /* NetworkConfiguration.swift */; };
		D0B1A5FD214C6833001FA4DE /* FeeConfiguration.swift in Sources */ = {isa = PBXBuildFile; fileRef = D0B1A5FC214C6833001FA4DE /* FeeConfiguration.swift */; };
		D0B1A600214C7102001FA4DE /* Slot.swift in Sources */ = {isa = PBXBuildFile; fileRef = D0B1A5FF214C7102001FA4DE /* Slot.swift */; };
		D0B1A604214D1548001FA4DE /* NetworkConfigurationTests.swift in Sources */ = {isa = PBXBuildFile; fileRef = D0B1A603214D1548001FA4DE /* NetworkConfigurationTests.swift */; };
		D0B1A606214D46C5001FA4DE /* FeeConfigurationTests.swift in Sources */ = {isa = PBXBuildFile; fileRef = D0B1A605214D46C5001FA4DE /* FeeConfigurationTests.swift */; };
/* End PBXBuildFile section */

/* Begin PBXContainerItemProxy section */
		D03F5E542102566700ED8884 /* PBXContainerItemProxy */ = {
			isa = PBXContainerItemProxy;
			containerPortal = D03F5E402102566700ED8884 /* Project object */;
			proxyType = 1;
			remoteGlobalIDString = D03F5E482102566700ED8884;
			remoteInfo = Crypto;
		};
/* End PBXContainerItemProxy section */

/* Begin PBXFileReference section */
		D03F5E492102566700ED8884 /* Crypto.framework */ = {isa = PBXFileReference; explicitFileType = wrapper.framework; includeInIndex = 0; path = Crypto.framework; sourceTree = BUILT_PRODUCTS_DIR; };
		D03F5E4C2102566700ED8884 /* Crypto.h */ = {isa = PBXFileReference; lastKnownFileType = sourcecode.c.h; path = Crypto.h; sourceTree = "<group>"; };
		D03F5E4D2102566700ED8884 /* Info.plist */ = {isa = PBXFileReference; lastKnownFileType = text.plist.xml; path = Info.plist; sourceTree = "<group>"; };
		D03F5E522102566700ED8884 /* CryptoTests.xctest */ = {isa = PBXFileReference; explicitFileType = wrapper.cfbundle; includeInIndex = 0; path = CryptoTests.xctest; sourceTree = BUILT_PRODUCTS_DIR; };
		D03F5E572102566700ED8884 /* CryptoTests.swift */ = {isa = PBXFileReference; lastKnownFileType = sourcecode.swift; path = CryptoTests.swift; sourceTree = "<group>"; };
		D03F5E592102566700ED8884 /* Info.plist */ = {isa = PBXFileReference; lastKnownFileType = text.plist.xml; path = Info.plist; sourceTree = "<group>"; };
		D0B1A5EE214C5EE1001FA4DE /* ProtocolNetwork.swift */ = {isa = PBXFileReference; lastKnownFileType = sourcecode.swift; path = ProtocolNetwork.swift; sourceTree = "<group>"; };
		D0B1A5F0214C5F9C001FA4DE /* Mainnet.swift */ = {isa = PBXFileReference; lastKnownFileType = sourcecode.swift; path = Mainnet.swift; sourceTree = "<group>"; };
		D0B1A5F2214C5FA4001FA4DE /* Devnet.swift */ = {isa = PBXFileReference; lastKnownFileType = sourcecode.swift; path = Devnet.swift; sourceTree = "<group>"; };
		D0B1A5F4214C5FAD001FA4DE /* Testnet.swift */ = {isa = PBXFileReference; lastKnownFileType = sourcecode.swift; path = Testnet.swift; sourceTree = "<group>"; };
		D0B1A5F7214C657D001FA4DE /* Enums.swift */ = {isa = PBXFileReference; lastKnownFileType = sourcecode.swift; path = Enums.swift; sourceTree = "<group>"; };
		D0B1A5FA214C6827001FA4DE /* NetworkConfiguration.swift */ = {isa = PBXFileReference; lastKnownFileType = sourcecode.swift; path = NetworkConfiguration.swift; sourceTree = "<group>"; };
		D0B1A5FC214C6833001FA4DE /* FeeConfiguration.swift */ = {isa = PBXFileReference; lastKnownFileType = sourcecode.swift; path = FeeConfiguration.swift; sourceTree = "<group>"; };
		D0B1A5FF214C7102001FA4DE /* Slot.swift */ = {isa = PBXFileReference; lastKnownFileType = sourcecode.swift; path = Slot.swift; sourceTree = "<group>"; };
		D0B1A603214D1548001FA4DE /* NetworkConfigurationTests.swift */ = {isa = PBXFileReference; lastKnownFileType = sourcecode.swift; path = NetworkConfigurationTests.swift; sourceTree = "<group>"; };
		D0B1A605214D46C5001FA4DE /* FeeConfigurationTests.swift */ = {isa = PBXFileReference; lastKnownFileType = sourcecode.swift; path = FeeConfigurationTests.swift; sourceTree = "<group>"; };
/* End PBXFileReference section */

/* Begin PBXFrameworksBuildPhase section */
		D03F5E452102566700ED8884 /* Frameworks */ = {
			isa = PBXFrameworksBuildPhase;
			buildActionMask = 2147483647;
			files = (
			);
			runOnlyForDeploymentPostprocessing = 0;
		};
		D03F5E4F2102566700ED8884 /* Frameworks */ = {
			isa = PBXFrameworksBuildPhase;
			buildActionMask = 2147483647;
			files = (
				D03F5E532102566700ED8884 /* Crypto.framework in Frameworks */,
			);
			runOnlyForDeploymentPostprocessing = 0;
		};
/* End PBXFrameworksBuildPhase section */

/* Begin PBXGroup section */
		D03F5E3F2102566700ED8884 = {
			isa = PBXGroup;
			children = (
				D03F5E4B2102566700ED8884 /* Crypto */,
				D03F5E562102566700ED8884 /* CryptoTests */,
				D03F5E4A2102566700ED8884 /* Products */,
			);
			sourceTree = "<group>";
		};
		D03F5E4A2102566700ED8884 /* Products */ = {
			isa = PBXGroup;
			children = (
				D03F5E492102566700ED8884 /* Crypto.framework */,
				D03F5E522102566700ED8884 /* CryptoTests.xctest */,
			);
			name = Products;
			sourceTree = "<group>";
		};
		D03F5E4B2102566700ED8884 /* Crypto */ = {
			isa = PBXGroup;
			children = (
				D0B1A5FE214C70E8001FA4DE /* Utils */,
				D0B1A5F9214C67F1001FA4DE /* Configuration */,
				D0B1A5F6214C6568001FA4DE /* Enums */,
				D0B1A5ED214C5EC8001FA4DE /* Networks */,
				D03F5E4C2102566700ED8884 /* Crypto.h */,
				D03F5E4D2102566700ED8884 /* Info.plist */,
			);
			path = Crypto;
			sourceTree = "<group>";
		};
		D03F5E562102566700ED8884 /* CryptoTests */ = {
			isa = PBXGroup;
			children = (
				D0B1A602214D1534001FA4DE /* Configuration */,
				D03F5E572102566700ED8884 /* CryptoTests.swift */,
				D03F5E592102566700ED8884 /* Info.plist */,
			);
			path = CryptoTests;
			sourceTree = "<group>";
		};
		D0B1A5ED214C5EC8001FA4DE /* Networks */ = {
			isa = PBXGroup;
			children = (
				D0B1A5EE214C5EE1001FA4DE /* ProtocolNetwork.swift */,
				D0B1A5F0214C5F9C001FA4DE /* Mainnet.swift */,
				D0B1A5F2214C5FA4001FA4DE /* Devnet.swift */,
				D0B1A5F4214C5FAD001FA4DE /* Testnet.swift */,
			);
			path = Networks;
			sourceTree = "<group>";
		};
		D0B1A5F6214C6568001FA4DE /* Enums */ = {
			isa = PBXGroup;
			children = (
				D0B1A5F7214C657D001FA4DE /* Enums.swift */,
			);
			path = Enums;
			sourceTree = "<group>";
		};
		D0B1A5F9214C67F1001FA4DE /* Configuration */ = {
			isa = PBXGroup;
			children = (
				D0B1A5FA214C6827001FA4DE /* NetworkConfiguration.swift */,
				D0B1A5FC214C6833001FA4DE /* FeeConfiguration.swift */,
			);
			path = Configuration;
			sourceTree = "<group>";
		};
		D0B1A5FE214C70E8001FA4DE /* Utils */ = {
			isa = PBXGroup;
			children = (
				D0B1A5FF214C7102001FA4DE /* Slot.swift */,
			);
			path = Utils;
			sourceTree = "<group>";
		};
		D0B1A602214D1534001FA4DE /* Configuration */ = {
			isa = PBXGroup;
			children = (
				D0B1A603214D1548001FA4DE /* NetworkConfigurationTests.swift */,
				D0B1A605214D46C5001FA4DE /* FeeConfigurationTests.swift */,
			);
			path = Configuration;
			sourceTree = "<group>";
		};
/* End PBXGroup section */

/* Begin PBXHeadersBuildPhase section */
		D03F5E462102566700ED8884 /* Headers */ = {
			isa = PBXHeadersBuildPhase;
			buildActionMask = 2147483647;
			files = (
				D03F5E5A2102566700ED8884 /* Crypto.h in Headers */,
			);
			runOnlyForDeploymentPostprocessing = 0;
		};
/* End PBXHeadersBuildPhase section */

/* Begin PBXNativeTarget section */
		D03F5E482102566700ED8884 /* Crypto */ = {
			isa = PBXNativeTarget;
			buildConfigurationList = D03F5E5D2102566700ED8884 /* Build configuration list for PBXNativeTarget "Crypto" */;
			buildPhases = (
				D03F5E442102566700ED8884 /* Sources */,
				D03F5E452102566700ED8884 /* Frameworks */,
				D03F5E462102566700ED8884 /* Headers */,
				D03F5E472102566700ED8884 /* Resources */,
				D03F5E632102618100ED8884 /* ShellScript */,
			);
			buildRules = (
			);
			dependencies = (
			);
			name = Crypto;
			productName = Crypto;
			productReference = D03F5E492102566700ED8884 /* Crypto.framework */;
			productType = "com.apple.product-type.framework";
		};
		D03F5E512102566700ED8884 /* CryptoTests */ = {
			isa = PBXNativeTarget;
			buildConfigurationList = D03F5E602102566700ED8884 /* Build configuration list for PBXNativeTarget "CryptoTests" */;
			buildPhases = (
				D03F5E4E2102566700ED8884 /* Sources */,
				D03F5E4F2102566700ED8884 /* Frameworks */,
				D03F5E502102566700ED8884 /* Resources */,
			);
			buildRules = (
			);
			dependencies = (
				D03F5E552102566700ED8884 /* PBXTargetDependency */,
			);
			name = CryptoTests;
			productName = CryptoTests;
			productReference = D03F5E522102566700ED8884 /* CryptoTests.xctest */;
			productType = "com.apple.product-type.bundle.unit-test";
		};
/* End PBXNativeTarget section */

/* Begin PBXProject section */
		D03F5E402102566700ED8884 /* Project object */ = {
			isa = PBXProject;
			attributes = {
				LastSwiftUpdateCheck = 0940;
				LastUpgradeCheck = 0940;
				ORGANIZATIONNAME = "ARK Ecosystem";
				TargetAttributes = {
					D03F5E482102566700ED8884 = {
						CreatedOnToolsVersion = 9.4.1;
						LastSwiftMigration = 0940;
					};
					D03F5E512102566700ED8884 = {
						CreatedOnToolsVersion = 9.4.1;
					};
				};
			};
			buildConfigurationList = D03F5E432102566700ED8884 /* Build configuration list for PBXProject "Crypto" */;
			compatibilityVersion = "Xcode 9.3";
			developmentRegion = en;
			hasScannedForEncodings = 0;
			knownRegions = (
				en,
			);
			mainGroup = D03F5E3F2102566700ED8884;
			productRefGroup = D03F5E4A2102566700ED8884 /* Products */;
			projectDirPath = "";
			projectRoot = "";
			targets = (
				D03F5E482102566700ED8884 /* Crypto */,
				D03F5E512102566700ED8884 /* CryptoTests */,
			);
		};
/* End PBXProject section */

/* Begin PBXResourcesBuildPhase section */
		D03F5E472102566700ED8884 /* Resources */ = {
			isa = PBXResourcesBuildPhase;
			buildActionMask = 2147483647;
			files = (
			);
			runOnlyForDeploymentPostprocessing = 0;
		};
		D03F5E502102566700ED8884 /* Resources */ = {
			isa = PBXResourcesBuildPhase;
			buildActionMask = 2147483647;
			files = (
			);
			runOnlyForDeploymentPostprocessing = 0;
		};
/* End PBXResourcesBuildPhase section */

/* Begin PBXShellScriptBuildPhase section */
		D03F5E632102618100ED8884 /* ShellScript */ = {
			isa = PBXShellScriptBuildPhase;
			buildActionMask = 2147483647;
			files = (
			);
			inputPaths = (
			);
			outputPaths = (
			);
			runOnlyForDeploymentPostprocessing = 0;
			shellPath = /bin/sh;
			shellScript = "if which swiftlint >/dev/null; then\n    swiftlint --strict\nelse\n    echo \"warning: SwiftLint not installed, download from https://github.com/realm/SwiftLint\"\nfi";
		};
/* End PBXShellScriptBuildPhase section */

/* Begin PBXSourcesBuildPhase section */
		D03F5E442102566700ED8884 /* Sources */ = {
			isa = PBXSourcesBuildPhase;
			buildActionMask = 2147483647;
			files = (
				D0B1A5F1214C5F9C001FA4DE /* Mainnet.swift in Sources */,
				D0B1A5F3214C5FA4001FA4DE /* Devnet.swift in Sources */,
				D0B1A5F8214C657D001FA4DE /* Enums.swift in Sources */,
				D0B1A5EF214C5EE1001FA4DE /* ProtocolNetwork.swift in Sources */,
				D0B1A5F5214C5FAD001FA4DE /* Testnet.swift in Sources */,
				D0B1A5FD214C6833001FA4DE /* FeeConfiguration.swift in Sources */,
				D0B1A5FB214C6827001FA4DE /* NetworkConfiguration.swift in Sources */,
				D0B1A600214C7102001FA4DE /* Slot.swift in Sources */,
			);
			runOnlyForDeploymentPostprocessing = 0;
		};
		D03F5E4E2102566700ED8884 /* Sources */ = {
			isa = PBXSourcesBuildPhase;
			buildActionMask = 2147483647;
			files = (
				D03F5E582102566700ED8884 /* CryptoTests.swift in Sources */,
				D0B1A606214D46C5001FA4DE /* FeeConfigurationTests.swift in Sources */,
				D0B1A604214D1548001FA4DE /* NetworkConfigurationTests.swift in Sources */,
			);
			runOnlyForDeploymentPostprocessing = 0;
		};
/* End PBXSourcesBuildPhase section */

/* Begin PBXTargetDependency section */
		D03F5E552102566700ED8884 /* PBXTargetDependency */ = {
			isa = PBXTargetDependency;
			target = D03F5E482102566700ED8884 /* Crypto */;
			targetProxy = D03F5E542102566700ED8884 /* PBXContainerItemProxy */;
		};
/* End PBXTargetDependency section */

/* Begin XCBuildConfiguration section */
		D03F5E5B2102566700ED8884 /* Debug */ = {
			isa = XCBuildConfiguration;
			buildSettings = {
				ALWAYS_SEARCH_USER_PATHS = NO;
				CLANG_ANALYZER_NONNULL = YES;
				CLANG_ANALYZER_NUMBER_OBJECT_CONVERSION = YES_AGGRESSIVE;
				CLANG_CXX_LANGUAGE_STANDARD = "gnu++14";
				CLANG_CXX_LIBRARY = "libc++";
				CLANG_ENABLE_MODULES = YES;
				CLANG_ENABLE_OBJC_ARC = YES;
				CLANG_ENABLE_OBJC_WEAK = YES;
				CLANG_WARN_BLOCK_CAPTURE_AUTORELEASING = YES;
				CLANG_WARN_BOOL_CONVERSION = YES;
				CLANG_WARN_COMMA = YES;
				CLANG_WARN_CONSTANT_CONVERSION = YES;
				CLANG_WARN_DEPRECATED_OBJC_IMPLEMENTATIONS = YES;
				CLANG_WARN_DIRECT_OBJC_ISA_USAGE = YES_ERROR;
				CLANG_WARN_DOCUMENTATION_COMMENTS = YES;
				CLANG_WARN_EMPTY_BODY = YES;
				CLANG_WARN_ENUM_CONVERSION = YES;
				CLANG_WARN_INFINITE_RECURSION = YES;
				CLANG_WARN_INT_CONVERSION = YES;
				CLANG_WARN_NON_LITERAL_NULL_CONVERSION = YES;
				CLANG_WARN_OBJC_IMPLICIT_RETAIN_SELF = YES;
				CLANG_WARN_OBJC_LITERAL_CONVERSION = YES;
				CLANG_WARN_OBJC_ROOT_CLASS = YES_ERROR;
				CLANG_WARN_RANGE_LOOP_ANALYSIS = YES;
				CLANG_WARN_STRICT_PROTOTYPES = YES;
				CLANG_WARN_SUSPICIOUS_MOVE = YES;
				CLANG_WARN_UNGUARDED_AVAILABILITY = YES_AGGRESSIVE;
				CLANG_WARN_UNREACHABLE_CODE = YES;
				CLANG_WARN__DUPLICATE_METHOD_MATCH = YES;
				CODE_SIGN_IDENTITY = "-";
				COPY_PHASE_STRIP = NO;
				CURRENT_PROJECT_VERSION = 1;
				DEBUG_INFORMATION_FORMAT = dwarf;
				ENABLE_STRICT_OBJC_MSGSEND = YES;
				ENABLE_TESTABILITY = YES;
				GCC_C_LANGUAGE_STANDARD = gnu11;
				GCC_DYNAMIC_NO_PIC = NO;
				GCC_NO_COMMON_BLOCKS = YES;
				GCC_OPTIMIZATION_LEVEL = 0;
				GCC_PREPROCESSOR_DEFINITIONS = (
					"DEBUG=1",
					"$(inherited)",
				);
				GCC_WARN_64_TO_32_BIT_CONVERSION = YES;
				GCC_WARN_ABOUT_RETURN_TYPE = YES_ERROR;
				GCC_WARN_UNDECLARED_SELECTOR = YES;
				GCC_WARN_UNINITIALIZED_AUTOS = YES_AGGRESSIVE;
				GCC_WARN_UNUSED_FUNCTION = YES;
				GCC_WARN_UNUSED_VARIABLE = YES;
				MACOSX_DEPLOYMENT_TARGET = 10.13;
				MTL_ENABLE_DEBUG_INFO = YES;
				ONLY_ACTIVE_ARCH = YES;
				SDKROOT = macosx;
				SWIFT_ACTIVE_COMPILATION_CONDITIONS = DEBUG;
				SWIFT_OPTIMIZATION_LEVEL = "-Onone";
				VERSIONING_SYSTEM = "apple-generic";
				VERSION_INFO_PREFIX = "";
			};
			name = Debug;
		};
		D03F5E5C2102566700ED8884 /* Release */ = {
			isa = XCBuildConfiguration;
			buildSettings = {
				ALWAYS_SEARCH_USER_PATHS = NO;
				CLANG_ANALYZER_NONNULL = YES;
				CLANG_ANALYZER_NUMBER_OBJECT_CONVERSION = YES_AGGRESSIVE;
				CLANG_CXX_LANGUAGE_STANDARD = "gnu++14";
				CLANG_CXX_LIBRARY = "libc++";
				CLANG_ENABLE_MODULES = YES;
				CLANG_ENABLE_OBJC_ARC = YES;
				CLANG_ENABLE_OBJC_WEAK = YES;
				CLANG_WARN_BLOCK_CAPTURE_AUTORELEASING = YES;
				CLANG_WARN_BOOL_CONVERSION = YES;
				CLANG_WARN_COMMA = YES;
				CLANG_WARN_CONSTANT_CONVERSION = YES;
				CLANG_WARN_DEPRECATED_OBJC_IMPLEMENTATIONS = YES;
				CLANG_WARN_DIRECT_OBJC_ISA_USAGE = YES_ERROR;
				CLANG_WARN_DOCUMENTATION_COMMENTS = YES;
				CLANG_WARN_EMPTY_BODY = YES;
				CLANG_WARN_ENUM_CONVERSION = YES;
				CLANG_WARN_INFINITE_RECURSION = YES;
				CLANG_WARN_INT_CONVERSION = YES;
				CLANG_WARN_NON_LITERAL_NULL_CONVERSION = YES;
				CLANG_WARN_OBJC_IMPLICIT_RETAIN_SELF = YES;
				CLANG_WARN_OBJC_LITERAL_CONVERSION = YES;
				CLANG_WARN_OBJC_ROOT_CLASS = YES_ERROR;
				CLANG_WARN_RANGE_LOOP_ANALYSIS = YES;
				CLANG_WARN_STRICT_PROTOTYPES = YES;
				CLANG_WARN_SUSPICIOUS_MOVE = YES;
				CLANG_WARN_UNGUARDED_AVAILABILITY = YES_AGGRESSIVE;
				CLANG_WARN_UNREACHABLE_CODE = YES;
				CLANG_WARN__DUPLICATE_METHOD_MATCH = YES;
				CODE_SIGN_IDENTITY = "-";
				COPY_PHASE_STRIP = NO;
				CURRENT_PROJECT_VERSION = 1;
				DEBUG_INFORMATION_FORMAT = "dwarf-with-dsym";
				ENABLE_NS_ASSERTIONS = NO;
				ENABLE_STRICT_OBJC_MSGSEND = YES;
				GCC_C_LANGUAGE_STANDARD = gnu11;
				GCC_NO_COMMON_BLOCKS = YES;
				GCC_WARN_64_TO_32_BIT_CONVERSION = YES;
				GCC_WARN_ABOUT_RETURN_TYPE = YES_ERROR;
				GCC_WARN_UNDECLARED_SELECTOR = YES;
				GCC_WARN_UNINITIALIZED_AUTOS = YES_AGGRESSIVE;
				GCC_WARN_UNUSED_FUNCTION = YES;
				GCC_WARN_UNUSED_VARIABLE = YES;
				MACOSX_DEPLOYMENT_TARGET = 10.13;
				MTL_ENABLE_DEBUG_INFO = NO;
				SDKROOT = macosx;
				SWIFT_COMPILATION_MODE = wholemodule;
				SWIFT_OPTIMIZATION_LEVEL = "-O";
				VERSIONING_SYSTEM = "apple-generic";
				VERSION_INFO_PREFIX = "";
			};
			name = Release;
		};
		D03F5E5E2102566700ED8884 /* Debug */ = {
			isa = XCBuildConfiguration;
			buildSettings = {
				CLANG_ENABLE_MODULES = YES;
				CODE_SIGN_IDENTITY = "";
				CODE_SIGN_STYLE = Automatic;
				COMBINE_HIDPI_IMAGES = YES;
				DEFINES_MODULE = YES;
				DYLIB_COMPATIBILITY_VERSION = 1;
				DYLIB_CURRENT_VERSION = 1;
				DYLIB_INSTALL_NAME_BASE = "@rpath";
				FRAMEWORK_VERSION = A;
				INFOPLIST_FILE = Crypto/Info.plist;
				INSTALL_PATH = "$(LOCAL_LIBRARY_DIR)/Frameworks";
				LD_RUNPATH_SEARCH_PATHS = (
					"$(inherited)",
					"@executable_path/../Frameworks",
					"@loader_path/Frameworks",
				);
				PRODUCT_BUNDLE_IDENTIFIER = io.ark.Crypto;
				PRODUCT_NAME = "$(TARGET_NAME:c99extidentifier)";
				SKIP_INSTALL = YES;
				SWIFT_OPTIMIZATION_LEVEL = "-Onone";
				SWIFT_VERSION = 4.0;
			};
			name = Debug;
		};
		D03F5E5F2102566700ED8884 /* Release */ = {
			isa = XCBuildConfiguration;
			buildSettings = {
				CLANG_ENABLE_MODULES = YES;
				CODE_SIGN_IDENTITY = "";
				CODE_SIGN_STYLE = Automatic;
				COMBINE_HIDPI_IMAGES = YES;
				DEFINES_MODULE = YES;
				DYLIB_COMPATIBILITY_VERSION = 1;
				DYLIB_CURRENT_VERSION = 1;
				DYLIB_INSTALL_NAME_BASE = "@rpath";
				FRAMEWORK_VERSION = A;
				INFOPLIST_FILE = Crypto/Info.plist;
				INSTALL_PATH = "$(LOCAL_LIBRARY_DIR)/Frameworks";
				LD_RUNPATH_SEARCH_PATHS = (
					"$(inherited)",
					"@executable_path/../Frameworks",
					"@loader_path/Frameworks",
				);
				PRODUCT_BUNDLE_IDENTIFIER = io.ark.Crypto;
				PRODUCT_NAME = "$(TARGET_NAME:c99extidentifier)";
				SKIP_INSTALL = YES;
				SWIFT_VERSION = 4.0;
			};
			name = Release;
		};
		D03F5E612102566700ED8884 /* Debug */ = {
			isa = XCBuildConfiguration;
			buildSettings = {
				ALWAYS_EMBED_SWIFT_STANDARD_LIBRARIES = YES;
				CODE_SIGN_STYLE = Automatic;
				COMBINE_HIDPI_IMAGES = YES;
				INFOPLIST_FILE = CryptoTests/Info.plist;
				LD_RUNPATH_SEARCH_PATHS = (
					"$(inherited)",
					"@executable_path/../Frameworks",
					"@loader_path/../Frameworks",
				);
				PRODUCT_BUNDLE_IDENTIFIER = io.ark.CryptoTests;
				PRODUCT_NAME = "$(TARGET_NAME)";
				SWIFT_VERSION = 4.0;
			};
			name = Debug;
		};
		D03F5E622102566700ED8884 /* Release */ = {
			isa = XCBuildConfiguration;
			buildSettings = {
				ALWAYS_EMBED_SWIFT_STANDARD_LIBRARIES = YES;
				CODE_SIGN_STYLE = Automatic;
				COMBINE_HIDPI_IMAGES = YES;
				INFOPLIST_FILE = CryptoTests/Info.plist;
				LD_RUNPATH_SEARCH_PATHS = (
					"$(inherited)",
					"@executable_path/../Frameworks",
					"@loader_path/../Frameworks",
				);
				PRODUCT_BUNDLE_IDENTIFIER = io.ark.CryptoTests;
				PRODUCT_NAME = "$(TARGET_NAME)";
				SWIFT_VERSION = 4.0;
			};
			name = Release;
		};
/* End XCBuildConfiguration section */

/* Begin XCConfigurationList section */
		D03F5E432102566700ED8884 /* Build configuration list for PBXProject "Crypto" */ = {
			isa = XCConfigurationList;
			buildConfigurations = (
				D03F5E5B2102566700ED8884 /* Debug */,
				D03F5E5C2102566700ED8884 /* Release */,
			);
			defaultConfigurationIsVisible = 0;
			defaultConfigurationName = Release;
		};
		D03F5E5D2102566700ED8884 /* Build configuration list for PBXNativeTarget "Crypto" */ = {
			isa = XCConfigurationList;
			buildConfigurations = (
				D03F5E5E2102566700ED8884 /* Debug */,
				D03F5E5F2102566700ED8884 /* Release */,
			);
			defaultConfigurationIsVisible = 0;
			defaultConfigurationName = Release;
		};
		D03F5E602102566700ED8884 /* Build configuration list for PBXNativeTarget "CryptoTests" */ = {
			isa = XCConfigurationList;
			buildConfigurations = (
				D03F5E612102566700ED8884 /* Debug */,
				D03F5E622102566700ED8884 /* Release */,
			);
			defaultConfigurationIsVisible = 0;
			defaultConfigurationName = Release;
		};
/* End XCConfigurationList section */
	};
	rootObject = D03F5E402102566700ED8884 /* Project object */;
}
