// !$*UTF8*$!
{
	archiveVersion = 1;
	classes = {
	};
	objectVersion = 50;
	objects = {

/* Begin PBXBuildFile section */
		D0B1A6BA21556141001FA4DE /* Crypto.framework in Frameworks */ = {isa = PBXBuildFile; fileRef = D0B1A6B021556140001FA4DE /* Crypto.framework */; };
		D0B1A6BF21556141001FA4DE /* CryptoTests.swift in Sources */ = {isa = PBXBuildFile; fileRef = D0B1A6BE21556141001FA4DE /* CryptoTests.swift */; };
		D0B1A6C121556141001FA4DE /* Crypto.h in Headers */ = {isa = PBXBuildFile; fileRef = D0B1A6B321556140001FA4DE /* Crypto.h */; settings = {ATTRIBUTES = (Public, ); }; };
		D0B1A6F0215561B8001FA4DE /* Slot.swift in Sources */ = {isa = PBXBuildFile; fileRef = D0B1A6E3215561B8001FA4DE /* Slot.swift */; };
		D0B1A6F2215561B8001FA4DE /* Enums.swift in Sources */ = {isa = PBXBuildFile; fileRef = D0B1A6E6215561B8001FA4DE /* Enums.swift */; };
		D0B1A6F3215561B8001FA4DE /* Devnet.swift in Sources */ = {isa = PBXBuildFile; fileRef = D0B1A6E8215561B8001FA4DE /* Devnet.swift */; };
		D0B1A6F4215561B8001FA4DE /* Mainnet.swift in Sources */ = {isa = PBXBuildFile; fileRef = D0B1A6E9215561B8001FA4DE /* Mainnet.swift */; };
		D0B1A6F5215561B8001FA4DE /* ProtocolNetwork.swift in Sources */ = {isa = PBXBuildFile; fileRef = D0B1A6EA215561B8001FA4DE /* ProtocolNetwork.swift */; };
		D0B1A6F6215561B8001FA4DE /* Testnet.swift in Sources */ = {isa = PBXBuildFile; fileRef = D0B1A6EB215561B8001FA4DE /* Testnet.swift */; };
		D0B1A6F7215561B8001FA4DE /* FeeConfiguration.swift in Sources */ = {isa = PBXBuildFile; fileRef = D0B1A6ED215561B8001FA4DE /* FeeConfiguration.swift */; };
		D0B1A6F8215561B8001FA4DE /* NetworkConfiguration.swift in Sources */ = {isa = PBXBuildFile; fileRef = D0B1A6EE215561B8001FA4DE /* NetworkConfiguration.swift */; };
		D0B1A6F9215561B8001FA4DE /* Crypto.h in Headers */ = {isa = PBXBuildFile; fileRef = D0B1A6EF215561B8001FA4DE /* Crypto.h */; };
		D0B1A6FD215561E1001FA4DE /* FeeConfigurationTests.swift in Sources */ = {isa = PBXBuildFile; fileRef = D0B1A6FB215561E1001FA4DE /* FeeConfigurationTests.swift */; };
		D0B1A6FE215561E1001FA4DE /* NetworkConfigurationTests.swift in Sources */ = {isa = PBXBuildFile; fileRef = D0B1A6FC215561E1001FA4DE /* NetworkConfigurationTests.swift */; };
/* End PBXBuildFile section */

/* Begin PBXContainerItemProxy section */
		D0B1A6BB21556141001FA4DE /* PBXContainerItemProxy */ = {
			isa = PBXContainerItemProxy;
			containerPortal = D0B1A6A721556140001FA4DE /* Project object */;
			proxyType = 1;
			remoteGlobalIDString = D0B1A6AF21556140001FA4DE;
			remoteInfo = Crypto;
		};
/* End PBXContainerItemProxy section */

/* Begin PBXFileReference section */
		D0B1A6B021556140001FA4DE /* Crypto.framework */ = {isa = PBXFileReference; explicitFileType = wrapper.framework; includeInIndex = 0; path = Crypto.framework; sourceTree = BUILT_PRODUCTS_DIR; };
		D0B1A6B321556140001FA4DE /* Crypto.h */ = {isa = PBXFileReference; lastKnownFileType = sourcecode.c.h; path = Crypto.h; sourceTree = "<group>"; };
		D0B1A6B421556140001FA4DE /* Info.plist */ = {isa = PBXFileReference; lastKnownFileType = text.plist.xml; path = Info.plist; sourceTree = "<group>"; };
		D0B1A6B921556141001FA4DE /* CryptoTests.xctest */ = {isa = PBXFileReference; explicitFileType = wrapper.cfbundle; includeInIndex = 0; path = CryptoTests.xctest; sourceTree = BUILT_PRODUCTS_DIR; };
		D0B1A6BE21556141001FA4DE /* CryptoTests.swift */ = {isa = PBXFileReference; lastKnownFileType = sourcecode.swift; path = CryptoTests.swift; sourceTree = "<group>"; };
		D0B1A6C021556141001FA4DE /* Info.plist */ = {isa = PBXFileReference; lastKnownFileType = text.plist.xml; path = Info.plist; sourceTree = "<group>"; };
		D0B1A6E3215561B8001FA4DE /* Slot.swift */ = {isa = PBXFileReference; fileEncoding = 4; lastKnownFileType = sourcecode.swift; path = Slot.swift; sourceTree = "<group>"; };
		D0B1A6E6215561B8001FA4DE /* Enums.swift */ = {isa = PBXFileReference; fileEncoding = 4; lastKnownFileType = sourcecode.swift; path = Enums.swift; sourceTree = "<group>"; };
		D0B1A6E8215561B8001FA4DE /* Devnet.swift */ = {isa = PBXFileReference; fileEncoding = 4; lastKnownFileType = sourcecode.swift; path = Devnet.swift; sourceTree = "<group>"; };
		D0B1A6E9215561B8001FA4DE /* Mainnet.swift */ = {isa = PBXFileReference; fileEncoding = 4; lastKnownFileType = sourcecode.swift; path = Mainnet.swift; sourceTree = "<group>"; };
		D0B1A6EA215561B8001FA4DE /* ProtocolNetwork.swift */ = {isa = PBXFileReference; fileEncoding = 4; lastKnownFileType = sourcecode.swift; path = ProtocolNetwork.swift; sourceTree = "<group>"; };
		D0B1A6EB215561B8001FA4DE /* Testnet.swift */ = {isa = PBXFileReference; fileEncoding = 4; lastKnownFileType = sourcecode.swift; path = Testnet.swift; sourceTree = "<group>"; };
		D0B1A6ED215561B8001FA4DE /* FeeConfiguration.swift */ = {isa = PBXFileReference; fileEncoding = 4; lastKnownFileType = sourcecode.swift; path = FeeConfiguration.swift; sourceTree = "<group>"; };
		D0B1A6EE215561B8001FA4DE /* NetworkConfiguration.swift */ = {isa = PBXFileReference; fileEncoding = 4; lastKnownFileType = sourcecode.swift; path = NetworkConfiguration.swift; sourceTree = "<group>"; };
		D0B1A6EF215561B8001FA4DE /* Crypto.h */ = {isa = PBXFileReference; fileEncoding = 4; lastKnownFileType = sourcecode.c.h; name = Crypto.h; path = "../../../swift-crypto/Crypto/Crypto/Crypto.h"; sourceTree = "<group>"; };
		D0B1A6FB215561E1001FA4DE /* FeeConfigurationTests.swift */ = {isa = PBXFileReference; fileEncoding = 4; lastKnownFileType = sourcecode.swift; path = FeeConfigurationTests.swift; sourceTree = "<group>"; };
		D0B1A6FC215561E1001FA4DE /* NetworkConfigurationTests.swift */ = {isa = PBXFileReference; fileEncoding = 4; lastKnownFileType = sourcecode.swift; path = NetworkConfigurationTests.swift; sourceTree = "<group>"; };
/* End PBXFileReference section */

/* Begin PBXFrameworksBuildPhase section */
		D0B1A6AC21556140001FA4DE /* Frameworks */ = {
			isa = PBXFrameworksBuildPhase;
			buildActionMask = 2147483647;
			files = (
			);
			runOnlyForDeploymentPostprocessing = 0;
		};
		D0B1A6B621556141001FA4DE /* Frameworks */ = {
			isa = PBXFrameworksBuildPhase;
			buildActionMask = 2147483647;
			files = (
				D0B1A6BA21556141001FA4DE /* Crypto.framework in Frameworks */,
			);
			runOnlyForDeploymentPostprocessing = 0;
		};
/* End PBXFrameworksBuildPhase section */

/* Begin PBXGroup section */
		D0B1A6A621556140001FA4DE = {
			isa = PBXGroup;
			children = (
				D0B1A6B221556140001FA4DE /* Crypto */,
				D0B1A6BD21556141001FA4DE /* CryptoTests */,
				D0B1A6B121556140001FA4DE /* Products */,
			);
			sourceTree = "<group>";
		};
		D0B1A6B121556140001FA4DE /* Products */ = {
			isa = PBXGroup;
			children = (
				D0B1A6B021556140001FA4DE /* Crypto.framework */,
				D0B1A6B921556141001FA4DE /* CryptoTests.xctest */,
			);
			name = Products;
			sourceTree = "<group>";
		};
		D0B1A6B221556140001FA4DE /* Crypto */ = {
			isa = PBXGroup;
			children = (
				D0B1A6EC215561B8001FA4DE /* Configuration */,
				D0B1A6EF215561B8001FA4DE /* Crypto.h */,
				D0B1A6E5215561B8001FA4DE /* Enums */,
				D0B1A6E7215561B8001FA4DE /* Networks */,
				D0B1A6E2215561B8001FA4DE /* Utils */,
				D0B1A6B321556140001FA4DE /* Crypto.h */,
				D0B1A6B421556140001FA4DE /* Info.plist */,
			);
			path = Crypto;
			sourceTree = "<group>";
		};
		D0B1A6BD21556141001FA4DE /* CryptoTests */ = {
			isa = PBXGroup;
			children = (
				D0B1A6FA215561E1001FA4DE /* Configuration */,
				D0B1A6BE21556141001FA4DE /* CryptoTests.swift */,
				D0B1A6C021556141001FA4DE /* Info.plist */,
			);
			path = CryptoTests;
			sourceTree = "<group>";
		};
		D0B1A6E2215561B8001FA4DE /* Utils */ = {
			isa = PBXGroup;
			children = (
				D0B1A6E3215561B8001FA4DE /* Slot.swift */,
			);
			path = Utils;
			sourceTree = "<group>";
		};
		D0B1A6E5215561B8001FA4DE /* Enums */ = {
			isa = PBXGroup;
			children = (
				D0B1A6E6215561B8001FA4DE /* Enums.swift */,
			);
			path = Enums;
			sourceTree = "<group>";
		};
		D0B1A6E7215561B8001FA4DE /* Networks */ = {
			isa = PBXGroup;
			children = (
				D0B1A6E8215561B8001FA4DE /* Devnet.swift */,
				D0B1A6E9215561B8001FA4DE /* Mainnet.swift */,
				D0B1A6EA215561B8001FA4DE /* ProtocolNetwork.swift */,
				D0B1A6EB215561B8001FA4DE /* Testnet.swift */,
			);
			path = Networks;
			sourceTree = "<group>";
		};
		D0B1A6EC215561B8001FA4DE /* Configuration */ = {
			isa = PBXGroup;
			children = (
				D0B1A6ED215561B8001FA4DE /* FeeConfiguration.swift */,
				D0B1A6EE215561B8001FA4DE /* NetworkConfiguration.swift */,
			);
			path = Configuration;
			sourceTree = "<group>";
		};
		D0B1A6FA215561E1001FA4DE /* Configuration */ = {
			isa = PBXGroup;
			children = (
				D0B1A6FB215561E1001FA4DE /* FeeConfigurationTests.swift */,
				D0B1A6FC215561E1001FA4DE /* NetworkConfigurationTests.swift */,
			);
			path = Configuration;
			sourceTree = "<group>";
		};
/* End PBXGroup section */

/* Begin PBXHeadersBuildPhase section */
		D0B1A6AD21556140001FA4DE /* Headers */ = {
			isa = PBXHeadersBuildPhase;
			buildActionMask = 2147483647;
			files = (
				D0B1A6C121556141001FA4DE /* Crypto.h in Headers */,
				D0B1A6F9215561B8001FA4DE /* Crypto.h in Headers */,
			);
			runOnlyForDeploymentPostprocessing = 0;
		};
/* End PBXHeadersBuildPhase section */

/* Begin PBXNativeTarget section */
		D0B1A6AF21556140001FA4DE /* Crypto */ = {
			isa = PBXNativeTarget;
			buildConfigurationList = D0B1A6C421556141001FA4DE /* Build configuration list for PBXNativeTarget "Crypto" */;
			buildPhases = (
				D0B1A6AB21556140001FA4DE /* Sources */,
				D0B1A6AC21556140001FA4DE /* Frameworks */,
				D0B1A6AD21556140001FA4DE /* Headers */,
				D0B1A6AE21556140001FA4DE /* Resources */,
			);
			buildRules = (
			);
			dependencies = (
			);
			name = Crypto;
			productName = Crypto;
			productReference = D0B1A6B021556140001FA4DE /* Crypto.framework */;
			productType = "com.apple.product-type.framework";
		};
		D0B1A6B821556141001FA4DE /* CryptoTests */ = {
			isa = PBXNativeTarget;
			buildConfigurationList = D0B1A6C721556141001FA4DE /* Build configuration list for PBXNativeTarget "CryptoTests" */;
			buildPhases = (
				D0B1A6B521556141001FA4DE /* Sources */,
				D0B1A6B621556141001FA4DE /* Frameworks */,
				D0B1A6B721556141001FA4DE /* Resources */,
			);
			buildRules = (
			);
			dependencies = (
				D0B1A6BC21556141001FA4DE /* PBXTargetDependency */,
			);
			name = CryptoTests;
			productName = CryptoTests;
			productReference = D0B1A6B921556141001FA4DE /* CryptoTests.xctest */;
			productType = "com.apple.product-type.bundle.unit-test";
		};
/* End PBXNativeTarget section */

/* Begin PBXProject section */
		D0B1A6A721556140001FA4DE /* Project object */ = {
			isa = PBXProject;
			attributes = {
				LastSwiftUpdateCheck = 0940;
				LastUpgradeCheck = 0940;
				ORGANIZATIONNAME = Ark;
				TargetAttributes = {
					D0B1A6AF21556140001FA4DE = {
						CreatedOnToolsVersion = 9.4.1;
					};
					D0B1A6B821556141001FA4DE = {
						CreatedOnToolsVersion = 9.4.1;
					};
				};
			};
			buildConfigurationList = D0B1A6AA21556140001FA4DE /* Build configuration list for PBXProject "Crypto" */;
			compatibilityVersion = "Xcode 9.3";
			developmentRegion = en;
			hasScannedForEncodings = 0;
			knownRegions = (
				en,
			);
			mainGroup = D0B1A6A621556140001FA4DE;
			productRefGroup = D0B1A6B121556140001FA4DE /* Products */;
			projectDirPath = "";
			projectRoot = "";
			targets = (
				D0B1A6AF21556140001FA4DE /* Crypto */,
				D0B1A6B821556141001FA4DE /* CryptoTests */,
			);
		};
/* End PBXProject section */

/* Begin PBXResourcesBuildPhase section */
		D0B1A6AE21556140001FA4DE /* Resources */ = {
			isa = PBXResourcesBuildPhase;
			buildActionMask = 2147483647;
			files = (
			);
			runOnlyForDeploymentPostprocessing = 0;
		};
		D0B1A6B721556141001FA4DE /* Resources */ = {
			isa = PBXResourcesBuildPhase;
			buildActionMask = 2147483647;
			files = (
			);
			runOnlyForDeploymentPostprocessing = 0;
		};
/* End PBXResourcesBuildPhase section */

/* Begin PBXSourcesBuildPhase section */
		D0B1A6AB21556140001FA4DE /* Sources */ = {
			isa = PBXSourcesBuildPhase;
			buildActionMask = 2147483647;
			files = (
				D0B1A6F4215561B8001FA4DE /* Mainnet.swift in Sources */,
				D0B1A6F2215561B8001FA4DE /* Enums.swift in Sources */,
				D0B1A6F3215561B8001FA4DE /* Devnet.swift in Sources */,
				D0B1A6F5215561B8001FA4DE /* ProtocolNetwork.swift in Sources */,
				D0B1A6F0215561B8001FA4DE /* Slot.swift in Sources */,
				D0B1A6F7215561B8001FA4DE /* FeeConfiguration.swift in Sources */,
				D0B1A6F6215561B8001FA4DE /* Testnet.swift in Sources */,
				D0B1A6F8215561B8001FA4DE /* NetworkConfiguration.swift in Sources */,
			);
			runOnlyForDeploymentPostprocessing = 0;
		};
		D0B1A6B521556141001FA4DE /* Sources */ = {
			isa = PBXSourcesBuildPhase;
			buildActionMask = 2147483647;
			files = (
				D0B1A6BF21556141001FA4DE /* CryptoTests.swift in Sources */,
				D0B1A6FD215561E1001FA4DE /* FeeConfigurationTests.swift in Sources */,
				D0B1A6FE215561E1001FA4DE /* NetworkConfigurationTests.swift in Sources */,
			);
			runOnlyForDeploymentPostprocessing = 0;
		};
/* End PBXSourcesBuildPhase section */

/* Begin PBXTargetDependency section */
		D0B1A6BC21556141001FA4DE /* PBXTargetDependency */ = {
			isa = PBXTargetDependency;
			target = D0B1A6AF21556140001FA4DE /* Crypto */;
			targetProxy = D0B1A6BB21556141001FA4DE /* PBXContainerItemProxy */;
		};
/* End PBXTargetDependency section */

/* Begin XCBuildConfiguration section */
		D0B1A6C221556141001FA4DE /* Debug */ = {
			isa = XCBuildConfiguration;
			buildSettings = {
				ALWAYS_SEARCH_USER_PATHS = NO;
				CLANG_ANALYZER_NONNULL = YES;
				CLANG_ANALYZER_NUMBER_OBJECT_CONVERSION = YES_AGGRESSIVE;
				CLANG_CXX_LANGUAGE_STANDARD = "gnu++14";
				CLANG_CXX_LIBRARY = "libc++";
				CLANG_ENABLE_MODULES = YES;
				CLANG_ENABLE_OBJC_ARC = YES;
				CLANG_ENABLE_OBJC_WEAK = YES;
				CLANG_WARN_BLOCK_CAPTURE_AUTORELEASING = YES;
				CLANG_WARN_BOOL_CONVERSION = YES;
				CLANG_WARN_COMMA = YES;
				CLANG_WARN_CONSTANT_CONVERSION = YES;
				CLANG_WARN_DEPRECATED_OBJC_IMPLEMENTATIONS = YES;
				CLANG_WARN_DIRECT_OBJC_ISA_USAGE = YES_ERROR;
				CLANG_WARN_DOCUMENTATION_COMMENTS = YES;
				CLANG_WARN_EMPTY_BODY = YES;
				CLANG_WARN_ENUM_CONVERSION = YES;
				CLANG_WARN_INFINITE_RECURSION = YES;
				CLANG_WARN_INT_CONVERSION = YES;
				CLANG_WARN_NON_LITERAL_NULL_CONVERSION = YES;
				CLANG_WARN_OBJC_IMPLICIT_RETAIN_SELF = YES;
				CLANG_WARN_OBJC_LITERAL_CONVERSION = YES;
				CLANG_WARN_OBJC_ROOT_CLASS = YES_ERROR;
				CLANG_WARN_RANGE_LOOP_ANALYSIS = YES;
				CLANG_WARN_STRICT_PROTOTYPES = YES;
				CLANG_WARN_SUSPICIOUS_MOVE = YES;
				CLANG_WARN_UNGUARDED_AVAILABILITY = YES_AGGRESSIVE;
				CLANG_WARN_UNREACHABLE_CODE = YES;
				CLANG_WARN__DUPLICATE_METHOD_MATCH = YES;
				CODE_SIGN_IDENTITY = "iPhone Developer";
				COPY_PHASE_STRIP = NO;
				CURRENT_PROJECT_VERSION = 1;
				DEBUG_INFORMATION_FORMAT = dwarf;
				ENABLE_STRICT_OBJC_MSGSEND = YES;
				ENABLE_TESTABILITY = YES;
				GCC_C_LANGUAGE_STANDARD = gnu11;
				GCC_DYNAMIC_NO_PIC = NO;
				GCC_NO_COMMON_BLOCKS = YES;
				GCC_OPTIMIZATION_LEVEL = 0;
				GCC_PREPROCESSOR_DEFINITIONS = (
					"DEBUG=1",
					"$(inherited)",
				);
				GCC_WARN_64_TO_32_BIT_CONVERSION = YES;
				GCC_WARN_ABOUT_RETURN_TYPE = YES_ERROR;
				GCC_WARN_UNDECLARED_SELECTOR = YES;
				GCC_WARN_UNINITIALIZED_AUTOS = YES_AGGRESSIVE;
				GCC_WARN_UNUSED_FUNCTION = YES;
				GCC_WARN_UNUSED_VARIABLE = YES;
				IPHONEOS_DEPLOYMENT_TARGET = 11.4;
				MTL_ENABLE_DEBUG_INFO = YES;
				ONLY_ACTIVE_ARCH = YES;
				SDKROOT = iphoneos;
				SWIFT_ACTIVE_COMPILATION_CONDITIONS = DEBUG;
				SWIFT_OPTIMIZATION_LEVEL = "-Onone";
				VERSIONING_SYSTEM = "apple-generic";
				VERSION_INFO_PREFIX = "";
			};
			name = Debug;
		};
		D0B1A6C321556141001FA4DE /* Release */ = {
			isa = XCBuildConfiguration;
			buildSettings = {
				ALWAYS_SEARCH_USER_PATHS = NO;
				CLANG_ANALYZER_NONNULL = YES;
				CLANG_ANALYZER_NUMBER_OBJECT_CONVERSION = YES_AGGRESSIVE;
				CLANG_CXX_LANGUAGE_STANDARD = "gnu++14";
				CLANG_CXX_LIBRARY = "libc++";
				CLANG_ENABLE_MODULES = YES;
				CLANG_ENABLE_OBJC_ARC = YES;
				CLANG_ENABLE_OBJC_WEAK = YES;
				CLANG_WARN_BLOCK_CAPTURE_AUTORELEASING = YES;
				CLANG_WARN_BOOL_CONVERSION = YES;
				CLANG_WARN_COMMA = YES;
				CLANG_WARN_CONSTANT_CONVERSION = YES;
				CLANG_WARN_DEPRECATED_OBJC_IMPLEMENTATIONS = YES;
				CLANG_WARN_DIRECT_OBJC_ISA_USAGE = YES_ERROR;
				CLANG_WARN_DOCUMENTATION_COMMENTS = YES;
				CLANG_WARN_EMPTY_BODY = YES;
				CLANG_WARN_ENUM_CONVERSION = YES;
				CLANG_WARN_INFINITE_RECURSION = YES;
				CLANG_WARN_INT_CONVERSION = YES;
				CLANG_WARN_NON_LITERAL_NULL_CONVERSION = YES;
				CLANG_WARN_OBJC_IMPLICIT_RETAIN_SELF = YES;
				CLANG_WARN_OBJC_LITERAL_CONVERSION = YES;
				CLANG_WARN_OBJC_ROOT_CLASS = YES_ERROR;
				CLANG_WARN_RANGE_LOOP_ANALYSIS = YES;
				CLANG_WARN_STRICT_PROTOTYPES = YES;
				CLANG_WARN_SUSPICIOUS_MOVE = YES;
				CLANG_WARN_UNGUARDED_AVAILABILITY = YES_AGGRESSIVE;
				CLANG_WARN_UNREACHABLE_CODE = YES;
				CLANG_WARN__DUPLICATE_METHOD_MATCH = YES;
				CODE_SIGN_IDENTITY = "iPhone Developer";
				COPY_PHASE_STRIP = NO;
				CURRENT_PROJECT_VERSION = 1;
				DEBUG_INFORMATION_FORMAT = "dwarf-with-dsym";
				ENABLE_NS_ASSERTIONS = NO;
				ENABLE_STRICT_OBJC_MSGSEND = YES;
				GCC_C_LANGUAGE_STANDARD = gnu11;
				GCC_NO_COMMON_BLOCKS = YES;
				GCC_WARN_64_TO_32_BIT_CONVERSION = YES;
				GCC_WARN_ABOUT_RETURN_TYPE = YES_ERROR;
				GCC_WARN_UNDECLARED_SELECTOR = YES;
				GCC_WARN_UNINITIALIZED_AUTOS = YES_AGGRESSIVE;
				GCC_WARN_UNUSED_FUNCTION = YES;
				GCC_WARN_UNUSED_VARIABLE = YES;
				IPHONEOS_DEPLOYMENT_TARGET = 11.4;
				MTL_ENABLE_DEBUG_INFO = NO;
				SDKROOT = iphoneos;
				SWIFT_COMPILATION_MODE = wholemodule;
				SWIFT_OPTIMIZATION_LEVEL = "-O";
				VALIDATE_PRODUCT = YES;
				VERSIONING_SYSTEM = "apple-generic";
				VERSION_INFO_PREFIX = "";
			};
			name = Release;
		};
		D0B1A6C521556141001FA4DE /* Debug */ = {
			isa = XCBuildConfiguration;
			buildSettings = {
				CODE_SIGN_IDENTITY = "";
				CODE_SIGN_STYLE = Automatic;
				DEFINES_MODULE = YES;
				DYLIB_COMPATIBILITY_VERSION = 1;
				DYLIB_CURRENT_VERSION = 1;
				DYLIB_INSTALL_NAME_BASE = "@rpath";
				INFOPLIST_FILE = Crypto/Info.plist;
				INSTALL_PATH = "$(LOCAL_LIBRARY_DIR)/Frameworks";
				LD_RUNPATH_SEARCH_PATHS = (
					"$(inherited)",
					"@executable_path/Frameworks",
					"@loader_path/Frameworks",
				);
				PRODUCT_BUNDLE_IDENTIFIER = io.ark.Crypto;
				PRODUCT_NAME = "$(TARGET_NAME:c99extidentifier)";
				SKIP_INSTALL = YES;
				SWIFT_VERSION = 4.0;
				TARGETED_DEVICE_FAMILY = "1,2";
			};
			name = Debug;
		};
		D0B1A6C621556141001FA4DE /* Release */ = {
			isa = XCBuildConfiguration;
			buildSettings = {
				CODE_SIGN_IDENTITY = "";
				CODE_SIGN_STYLE = Automatic;
				DEFINES_MODULE = YES;
				DYLIB_COMPATIBILITY_VERSION = 1;
				DYLIB_CURRENT_VERSION = 1;
				DYLIB_INSTALL_NAME_BASE = "@rpath";
				INFOPLIST_FILE = Crypto/Info.plist;
				INSTALL_PATH = "$(LOCAL_LIBRARY_DIR)/Frameworks";
				LD_RUNPATH_SEARCH_PATHS = (
					"$(inherited)",
					"@executable_path/Frameworks",
					"@loader_path/Frameworks",
				);
				PRODUCT_BUNDLE_IDENTIFIER = io.ark.Crypto;
				PRODUCT_NAME = "$(TARGET_NAME:c99extidentifier)";
				SKIP_INSTALL = YES;
				SWIFT_VERSION = 4.0;
				TARGETED_DEVICE_FAMILY = "1,2";
			};
			name = Release;
		};
		D0B1A6C821556141001FA4DE /* Debug */ = {
			isa = XCBuildConfiguration;
			buildSettings = {
				ALWAYS_EMBED_SWIFT_STANDARD_LIBRARIES = YES;
				CODE_SIGN_STYLE = Automatic;
				INFOPLIST_FILE = CryptoTests/Info.plist;
				LD_RUNPATH_SEARCH_PATHS = (
					"$(inherited)",
					"@executable_path/Frameworks",
					"@loader_path/Frameworks",
				);
				PRODUCT_BUNDLE_IDENTIFIER = io.ark.CryptoTests;
				PRODUCT_NAME = "$(TARGET_NAME)";
				SWIFT_VERSION = 4.0;
				TARGETED_DEVICE_FAMILY = "1,2";
			};
			name = Debug;
		};
		D0B1A6C921556141001FA4DE /* Release */ = {
			isa = XCBuildConfiguration;
			buildSettings = {
				ALWAYS_EMBED_SWIFT_STANDARD_LIBRARIES = YES;
				CODE_SIGN_STYLE = Automatic;
				INFOPLIST_FILE = CryptoTests/Info.plist;
				LD_RUNPATH_SEARCH_PATHS = (
					"$(inherited)",
					"@executable_path/Frameworks",
					"@loader_path/Frameworks",
				);
				PRODUCT_BUNDLE_IDENTIFIER = io.ark.CryptoTests;
				PRODUCT_NAME = "$(TARGET_NAME)";
				SWIFT_VERSION = 4.0;
				TARGETED_DEVICE_FAMILY = "1,2";
			};
			name = Release;
		};
/* End XCBuildConfiguration section */

/* Begin XCConfigurationList section */
		D0B1A6AA21556140001FA4DE /* Build configuration list for PBXProject "Crypto" */ = {
			isa = XCConfigurationList;
			buildConfigurations = (
				D0B1A6C221556141001FA4DE /* Debug */,
				D0B1A6C321556141001FA4DE /* Release */,
			);
			defaultConfigurationIsVisible = 0;
			defaultConfigurationName = Release;
		};
		D0B1A6C421556141001FA4DE /* Build configuration list for PBXNativeTarget "Crypto" */ = {
			isa = XCConfigurationList;
			buildConfigurations = (
				D0B1A6C521556141001FA4DE /* Debug */,
				D0B1A6C621556141001FA4DE /* Release */,
			);
			defaultConfigurationIsVisible = 0;
			defaultConfigurationName = Release;
		};
		D0B1A6C721556141001FA4DE /* Build configuration list for PBXNativeTarget "CryptoTests" */ = {
			isa = XCConfigurationList;
			buildConfigurations = (
				D0B1A6C821556141001FA4DE /* Debug */,
				D0B1A6C921556141001FA4DE /* Release */,
			);
			defaultConfigurationIsVisible = 0;
			defaultConfigurationName = Release;
		};
/* End XCConfigurationList section */
	};
	rootObject = D0B1A6A721556140001FA4DE /* Project object */;
}
